
Microsoft Visual Studio Solution File, Format Version 12.00
# Visual Studio Version 16
VisualStudioVersion = 16.0.32002.261
MinimumVisualStudioVersion = 10.0.40219.1
Project("{FAE04EC0-301F-11D3-BF4B-00C04F79EFBC}") = "exam preparation 2", "exam preparation 2\exam preparation 2.csproj", "{1D746671-F74C-47BA-872C-F2F2B1AEB4DE}"
EndProject
Project("{FAE04EC0-301F-11D3-BF4B-00C04F79EFBC}") = "Cinema tickets", "Cinema tickets\Cinema tickets.csproj", "{05BF1F60-4017-4123-B848-CD51FFB6DDD7}"
EndProject
Project("{FAE04EC0-301F-11D3-BF4B-00C04F79EFBC}") = "barcode generator", "barcode generator\barcode generator.csproj", "{B684E192-68B4-43CC-A94E-02E2916E6063}"
EndProject
Project("{FAE04EC0-301F-11D3-BF4B-00C04F79EFBC}") = "eggs", "eggs\eggs.csproj", "{3F1E7C31-7D9B-40B8-8A44-F5E034D12621}"
EndProject
Project("{FAE04EC0-301F-11D3-BF4B-00C04F79EFBC}") = "dog and cat food", "dog and cat food\dog and cat food.csproj", "{668FF312-C2D5-43CE-91C7-E5E9BC796E69}"
EndProject
Global
	GlobalSection(SolutionConfigurationPlatforms) = preSolution
		Debug|Any CPU = Debug|Any CPU
		Release|Any CPU = Release|Any CPU
	EndGlobalSection
	GlobalSection(ProjectConfigurationPlatforms) = postSolution
		{1D746671-F74C-47BA-872C-F2F2B1AEB4DE}.Debug|Any CPU.ActiveCfg = Debug|Any CPU
		{1D746671-F74C-47BA-872C-F2F2B1AEB4DE}.Debug|Any CPU.Build.0 = Debug|Any CPU
		{1D746671-F74C-47BA-872C-F2F2B1AEB4DE}.Release|Any CPU.ActiveCfg = Release|Any CPU
		{1D746671-F74C-47BA-872C-F2F2B1AEB4DE}.Release|Any CPU.Build.0 = Release|Any CPU
		{05BF1F60-4017-4123-B848-CD51FFB6DDD7}.Debug|Any CPU.ActiveCfg = Debug|Any CPU
		{05BF1F60-4017-4123-B848-CD51FFB6DDD7}.Debug|Any CPU.Build.0 = Debug|Any CPU
		{05BF1F60-4017-4123-B848-CD51FFB6DDD7}.Release|Any CPU.ActiveCfg = Release|Any CPU
		{05BF1F60-4017-4123-B848-CD51FFB6DDD7}.Release|Any CPU.Build.0 = Release|Any CPU
		{B684E192-68B4-43CC-A94E-02E2916E6063}.Debug|Any CPU.ActiveCfg = Debug|Any CPU
		{B684E192-68B4-43CC-A94E-02E2916E6063}.Debug|Any CPU.Build.0 = Debug|Any CPU
		{B684E192-68B4-43CC-A94E-02E2916E6063}.Release|Any CPU.ActiveCfg = Release|Any CPU
		{B684E192-68B4-43CC-A94E-02E2916E6063}.Release|Any CPU.Build.0 = Release|Any CPU
		{3F1E7C31-7D9B-40B8-8A44-F5E034D12621}.Debug|Any CPU.ActiveCfg = Debug|Any CPU
		{3F1E7C31-7D9B-40B8-8A44-F5E034D12621}.Debug|Any CPU.Build.0 = Debug|Any CPU
		{3F1E7C31-7D9B-40B8-8A44-F5E034D12621}.Release|Any CPU.ActiveCfg = Release|Any CPU
		{3F1E7C31-7D9B-40B8-8A44-F5E034D12621}.Release|Any CPU.Build.0 = Release|Any CPU
		{668FF312-C2D5-43CE-91C7-E5E9BC796E69}.Debug|Any CPU.ActiveCfg = Debug|Any CPU
		{668FF312-C2D5-43CE-91C7-E5E9BC796E69}.Debug|Any CPU.Build.0 = Debug|Any CPU
		{668FF312-C2D5-43CE-91C7-E5E9BC796E69}.Release|Any CPU.ActiveCfg = Release|Any CPU
		{668FF312-C2D5-43CE-91C7-E5E9BC796E69}.Release|Any CPU.Build.0 = Release|Any CPU
	EndGlobalSection
	GlobalSection(SolutionProperties) = preSolution
		HideSolutionNode = FALSE
	EndGlobalSection
	GlobalSection(ExtensibilityGlobals) = postSolution
		SolutionGuid = {60BB0A0C-0AFB-4D4F-88DF-777E57D5219C}
	EndGlobalSection
EndGlobal
